
Microsoft Visual Studio Solution File, Format Version 12.00
# Visual Studio 15
VisualStudioVersion = 15.0.28307.757
MinimumVisualStudioVersion = 10.0.40219.1
Project("{9A19103F-16F7-4668-BE54-9A1E7A4F7556}") = "XMLApiProject.Api", "XMLApiProject.Api\XMLApiProject.Api.csproj", "{D7397CFA-E83E-479A-8800-6CBB8201A247}"
EndProject
Project("{9A19103F-16F7-4668-BE54-9A1E7A4F7556}") = "XMLApiProject.Services", "XMLApiProject.Services\XMLApiProject.Services.csproj", "{3A960BF9-BA83-4E82-9BFE-C4215E17F90D}"
EndProject
Global
	GlobalSection(SolutionConfigurationPlatforms) = preSolution
		Debug|Any CPU = Debug|Any CPU
		Release|Any CPU = Release|Any CPU
	EndGlobalSection
	GlobalSection(ProjectConfigurationPlatforms) = postSolution
		{D7397CFA-E83E-479A-8800-6CBB8201A247}.Debug|Any CPU.ActiveCfg = Debug|Any CPU
		{D7397CFA-E83E-479A-8800-6CBB8201A247}.Debug|Any CPU.Build.0 = Debug|Any CPU
		{D7397CFA-E83E-479A-8800-6CBB8201A247}.Release|Any CPU.ActiveCfg = Release|Any CPU
		{D7397CFA-E83E-479A-8800-6CBB8201A247}.Release|Any CPU.Build.0 = Release|Any CPU
		{3A960BF9-BA83-4E82-9BFE-C4215E17F90D}.Debug|Any CPU.ActiveCfg = Debug|Any CPU
		{3A960BF9-BA83-4E82-9BFE-C4215E17F90D}.Debug|Any CPU.Build.0 = Debug|Any CPU
		{3A960BF9-BA83-4E82-9BFE-C4215E17F90D}.Release|Any CPU.ActiveCfg = Release|Any CPU
		{3A960BF9-BA83-4E82-9BFE-C4215E17F90D}.Release|Any CPU.Build.0 = Release|Any CPU
	EndGlobalSection
	GlobalSection(SolutionProperties) = preSolution
		HideSolutionNode = FALSE
	EndGlobalSection
	GlobalSection(ExtensibilityGlobals) = postSolution
		SolutionGuid = {BEAC92D9-72FD-4FD4-A9AE-1894C3AE5ABA}
	EndGlobalSection
EndGlobal
